
Microsoft Visual Studio Solution File, Format Version 12.00
# Visual Studio Version 17
VisualStudioVersion = 17.14.36408.4 d17.14
MinimumVisualStudioVersion = 10.0.40219.1
Project("{C9674DCB-5085-4A16-B785-4C70DD1589BD}") = "SSIS", "SSIS.dtproj", "{C25FAEEC-4D9D-70A2-3EDF-859A18C60EE8}"
EndProject
Global
	GlobalSection(SolutionConfigurationPlatforms) = preSolution
		Development|Default = Development|Default
	EndGlobalSection
	GlobalSection(ProjectConfigurationPlatforms) = postSolution
		{C25FAEEC-4D9D-70A2-3EDF-859A18C60EE8}.Development|Default.ActiveCfg = Development
		{C25FAEEC-4D9D-70A2-3EDF-859A18C60EE8}.Development|Default.Build.0 = Development
	EndGlobalSection
	GlobalSection(SolutionProperties) = preSolution
		HideSolutionNode = FALSE
	EndGlobalSection
	GlobalSection(ExtensibilityGlobals) = postSolution
		SolutionGuid = {EDE43064-B887-463D-B207-4DFD1469AC36}
	EndGlobalSection
EndGlobal
